{
  "name": "@liquid-bricks/agent-component",
  "version": "1.0.0",
  "lockfileVersion": 3,
  "requires": true,
  "packages": {
    "": {
      "name": "@liquid-bricks/agent-component",
      "version": "1.0.0",
      "license": "ISC",
      "dependencies": {
        "@liquid-bricks/lib-component-builder": "github:LiquidBricks/lib-component-builder#d6d44f20a6a3589f0245574f61a4548af3b10d5b",
        "@liquid-bricks/lib-diagnostics": "github:LiquidBricks/lib-diagnostics#61b706dfa029f0682faa97a2836685a84cd45809",
        "@liquid-bricks/lib-nats-subject": "github:LiquidBricks/lib-nats-subject#5958dab01e5934267773f47aa280337547f52474",
        "ws": "^8.18.3"
      }
    },
    "../lib-diagnostics": {
      "name": "@liquid-bricks/lib-diagnostics",
      "version": "1.0.0",
      "extraneous": true,
      "license": "ISC"
    },
    "node_modules/@liquid-bricks/lib-component-builder": {
      "version": "1.0.0",
      "resolved": "git+ssh://git@github.com/LiquidBricks/lib-component-builder.git#d6d44f20a6a3589f0245574f61a4548af3b10d5b",
      "integrity": "sha512-cy6V5W/jTWvtAKFsgfL7nvNezotg5KU+A7z/jthppDPWyeGz85ACBjHfECYjnIYIxeEKQulcRM7BvehIyH24MA==",
      "license": "ISC",
      "dependencies": {
        "@liquid-bricks/lib-diagnostics": "github:LiquidBricks/lib-diagnostics#61b706dfa029f0682faa97a2836685a84cd45809"
      }
    },
    "node_modules/@liquid-bricks/lib-diagnostics": {
      "version": "1.0.0",
      "resolved": "git+ssh://git@github.com/LiquidBricks/lib-diagnostics.git#61b706dfa029f0682faa97a2836685a84cd45809",
      "integrity": "sha512-7o3Z/aA8rX2sshe4doNk/MdxCb91zIV5LI3IpxxwxvXVwpqc4UQ/Piz6pozocDwO4ckPeTedwPRBtFCavrKMIw==",
      "license": "ISC"
    },
    "node_modules/@liquid-bricks/lib-nats-subject": {
      "version": "1.0.0",
      "resolved": "git+ssh://git@github.com/LiquidBricks/lib-nats-subject.git#5958dab01e5934267773f47aa280337547f52474",
      "integrity": "sha512-RGaySIiEGW1pG1qCHk079tu8KaL5sqN5uG5txCva36/5wrRNVSN4oF906S3j2RAZV+AcEygBqxvYpc4RU9xXBA==",
      "license": "ISC"
    },
    "node_modules/ws": {
      "version": "8.18.3",
      "resolved": "https://registry.npmjs.org/ws/-/ws-8.18.3.tgz",
      "integrity": "sha512-PEIGCY5tSlUt50cqyMXfCzX+oOPqN0vuGqWzbcJ2xvnkzkq46oOpz7dQaTDBdfICb4N14+GARUDw2XV2N4tvzg==",
      "license": "MIT",
      "engines": {
        "node": ">=10.0.0"
      },
      "peerDependencies": {
        "bufferutil": "^4.0.1",
        "utf-8-validate": ">=5.0.2"
      },
      "peerDependenciesMeta": {
        "bufferutil": {
          "optional": true
        },
        "utf-8-validate": {
          "optional": true
        }
      }
    }
  }
}
